// !$*UTF8*$!
{
	archiveVersion = 1;
	classes = {
	};
	objectVersion = 55;
	objects = {

/* Begin PBXBuildFile section */
		350A3048279033ED0021C724 /* AppDelegate.swift in Sources */ = {isa = PBXBuildFile; fileRef = 350A3047279033ED0021C724 /* AppDelegate.swift */; };
		350A304A279033ED0021C724 /* SceneDelegate.swift in Sources */ = {isa = PBXBuildFile; fileRef = 350A3049279033ED0021C724 /* SceneDelegate.swift */; };
		350A3051279033F00021C724 /* Assets.xcassets in Resources */ = {isa = PBXBuildFile; fileRef = 350A3050279033F00021C724 /* Assets.xcassets */; };
		350A3054279033F00021C724 /* LaunchScreen.storyboard in Resources */ = {isa = PBXBuildFile; fileRef = 350A3052279033F00021C724 /* LaunchScreen.storyboard */; };
		350A305D2790342E0021C724 /* MainMenuViewController.swift in Sources */ = {isa = PBXBuildFile; fileRef = 350A305C2790342E0021C724 /* MainMenuViewController.swift */; };
		350A3060279034490021C724 /* MainMenuInteractor.swift in Sources */ = {isa = PBXBuildFile; fileRef = 350A305F279034490021C724 /* MainMenuInteractor.swift */; };
		350A3062279034640021C724 /* MainMenuPresenter.swift in Sources */ = {isa = PBXBuildFile; fileRef = 350A3061279034640021C724 /* MainMenuPresenter.swift */; };
		350A3064279034830021C724 /* MainMenuRouter.swift in Sources */ = {isa = PBXBuildFile; fileRef = 350A3063279034830021C724 /* MainMenuRouter.swift */; };
		350A30672790785B0021C724 /* ModuleBuilder.swift in Sources */ = {isa = PBXBuildFile; fileRef = 350A30662790785B0021C724 /* ModuleBuilder.swift */; };
		350A30692790786A0021C724 /* NetworkService.swift in Sources */ = {isa = PBXBuildFile; fileRef = 350A30682790786A0021C724 /* NetworkService.swift */; };
		350A306C27907A520021C724 /* Box.swift in Sources */ = {isa = PBXBuildFile; fileRef = 350A306B27907A520021C724 /* Box.swift */; };
		350A3072279085E90021C724 /* MealCell.swift in Sources */ = {isa = PBXBuildFile; fileRef = 350A3071279085E90021C724 /* MealCell.swift */; };
		350A30742790ADD40021C724 /* Entity.swift in Sources */ = {isa = PBXBuildFile; fileRef = 350A30732790ADD40021C724 /* Entity.swift */; };
		350A30772790B2F40021C724 /* NetworkServiceModel.swift in Sources */ = {isa = PBXBuildFile; fileRef = 350A30762790B2F40021C724 /* NetworkServiceModel.swift */; };
		355C60142792DE7B00C873BF /* SnapKit in Frameworks */ = {isa = PBXBuildFile; productRef = 355C60132792DE7B00C873BF /* SnapKit */; };
		355C60172792FAC700C873BF /* CategoriesCollectionViewCell.swift in Sources */ = {isa = PBXBuildFile; fileRef = 355C60152792FAC700C873BF /* CategoriesCollectionViewCell.swift */; };
		355C60182792FAC700C873BF /* CategoriesCollectionViewCell.xib in Resources */ = {isa = PBXBuildFile; fileRef = 355C60162792FAC700C873BF /* CategoriesCollectionViewCell.xib */; };
		355C601B279309A800C873BF /* StringExtension.swift in Sources */ = {isa = PBXBuildFile; fileRef = 355C601A279309A800C873BF /* StringExtension.swift */; };
		355C601F2793393C00C873BF /* UIColorExtension.swift in Sources */ = {isa = PBXBuildFile; fileRef = 355C601E2793393C00C873BF /* UIColorExtension.swift */; };
		357ADAA82790CA66002AC808 /* MealCell.xib in Resources */ = {isa = PBXBuildFile; fileRef = 357ADAA72790CA66002AC808 /* MealCell.xib */; };
		357ADAAC2790D18D002AC808 /* SDWebImage in Frameworks */ = {isa = PBXBuildFile; productRef = 357ADAAB2790D18D002AC808 /* SDWebImage */; };
		357ADAB12791F6A7002AC808 /* BannerTableViewCell.swift in Sources */ = {isa = PBXBuildFile; fileRef = 357ADAB02791F6A6002AC808 /* BannerTableViewCell.swift */; };
		357ADAB32791FDC1002AC808 /* BannerCollectionCell.xib in Resources */ = {isa = PBXBuildFile; fileRef = 357ADAB22791FDC1002AC808 /* BannerCollectionCell.xib */; };
		357ADAB62791FF4D002AC808 /* BannerCollectionViewCell.swift in Sources */ = {isa = PBXBuildFile; fileRef = 357ADAB52791FF4D002AC808 /* BannerCollectionViewCell.swift */; };
/* End PBXBuildFile section */

/* Begin PBXFileReference section */
		350A3044279033ED0021C724 /* RestaurantApp.app */ = {isa = PBXFileReference; explicitFileType = wrapper.application; includeInIndex = 0; path = RestaurantApp.app; sourceTree = BUILT_PRODUCTS_DIR; };
		350A3047279033ED0021C724 /* AppDelegate.swift */ = {isa = PBXFileReference; lastKnownFileType = sourcecode.swift; path = AppDelegate.swift; sourceTree = "<group>"; };
		350A3049279033ED0021C724 /* SceneDelegate.swift */ = {isa = PBXFileReference; lastKnownFileType = sourcecode.swift; path = SceneDelegate.swift; sourceTree = "<group>"; };
		350A3050279033F00021C724 /* Assets.xcassets */ = {isa = PBXFileReference; lastKnownFileType = folder.assetcatalog; path = Assets.xcassets; sourceTree = "<group>"; };
		350A3053279033F00021C724 /* Base */ = {isa = PBXFileReference; lastKnownFileType = file.storyboard; name = Base; path = Base.lproj/LaunchScreen.storyboard; sourceTree = "<group>"; };
		350A3055279033F00021C724 /* Info.plist */ = {isa = PBXFileReference; lastKnownFileType = text.plist.xml; path = Info.plist; sourceTree = "<group>"; };
		350A305C2790342E0021C724 /* MainMenuViewController.swift */ = {isa = PBXFileReference; lastKnownFileType = sourcecode.swift; path = MainMenuViewController.swift; sourceTree = "<group>"; };
		350A305F279034490021C724 /* MainMenuInteractor.swift */ = {isa = PBXFileReference; lastKnownFileType = sourcecode.swift; path = MainMenuInteractor.swift; sourceTree = "<group>"; };
		350A3061279034640021C724 /* MainMenuPresenter.swift */ = {isa = PBXFileReference; lastKnownFileType = sourcecode.swift; path = MainMenuPresenter.swift; sourceTree = "<group>"; };
		350A3063279034830021C724 /* MainMenuRouter.swift */ = {isa = PBXFileReference; lastKnownFileType = sourcecode.swift; path = MainMenuRouter.swift; sourceTree = "<group>"; };
		350A30662790785B0021C724 /* ModuleBuilder.swift */ = {isa = PBXFileReference; lastKnownFileType = sourcecode.swift; path = ModuleBuilder.swift; sourceTree = "<group>"; };
		350A30682790786A0021C724 /* NetworkService.swift */ = {isa = PBXFileReference; lastKnownFileType = sourcecode.swift; path = NetworkService.swift; sourceTree = "<group>"; };
		350A306B27907A520021C724 /* Box.swift */ = {isa = PBXFileReference; lastKnownFileType = sourcecode.swift; path = Box.swift; sourceTree = "<group>"; };
		350A3071279085E90021C724 /* MealCell.swift */ = {isa = PBXFileReference; lastKnownFileType = sourcecode.swift; path = MealCell.swift; sourceTree = "<group>"; };
		350A30732790ADD40021C724 /* Entity.swift */ = {isa = PBXFileReference; lastKnownFileType = sourcecode.swift; path = Entity.swift; sourceTree = "<group>"; };
		350A30762790B2F40021C724 /* NetworkServiceModel.swift */ = {isa = PBXFileReference; lastKnownFileType = sourcecode.swift; path = NetworkServiceModel.swift; sourceTree = "<group>"; };
		355C60152792FAC700C873BF /* CategoriesCollectionViewCell.swift */ = {isa = PBXFileReference; lastKnownFileType = sourcecode.swift; path = CategoriesCollectionViewCell.swift; sourceTree = "<group>"; };
		355C60162792FAC700C873BF /* CategoriesCollectionViewCell.xib */ = {isa = PBXFileReference; lastKnownFileType = file.xib; path = CategoriesCollectionViewCell.xib; sourceTree = "<group>"; };
		355C601A279309A800C873BF /* StringExtension.swift */ = {isa = PBXFileReference; lastKnownFileType = sourcecode.swift; path = StringExtension.swift; sourceTree = "<group>"; };
		355C601E2793393C00C873BF /* UIColorExtension.swift */ = {isa = PBXFileReference; lastKnownFileType = sourcecode.swift; path = UIColorExtension.swift; sourceTree = "<group>"; };
		357ADAA72790CA66002AC808 /* MealCell.xib */ = {isa = PBXFileReference; lastKnownFileType = file.xib; path = MealCell.xib; sourceTree = "<group>"; };
		357ADAB02791F6A6002AC808 /* BannerTableViewCell.swift */ = {isa = PBXFileReference; lastKnownFileType = sourcecode.swift; path = BannerTableViewCell.swift; sourceTree = "<group>"; };
		357ADAB22791FDC1002AC808 /* BannerCollectionCell.xib */ = {isa = PBXFileReference; lastKnownFileType = file.xib; path = BannerCollectionCell.xib; sourceTree = "<group>"; };
		357ADAB52791FF4D002AC808 /* BannerCollectionViewCell.swift */ = {isa = PBXFileReference; lastKnownFileType = sourcecode.swift; path = BannerCollectionViewCell.swift; sourceTree = "<group>"; };
/* End PBXFileReference section */

/* Begin PBXFrameworksBuildPhase section */
		350A3041279033ED0021C724 /* Frameworks */ = {
			isa = PBXFrameworksBuildPhase;
			buildActionMask = 2147483647;
			files = (
				357ADAAC2790D18D002AC808 /* SDWebImage in Frameworks */,
				355C60142792DE7B00C873BF /* SnapKit in Frameworks */,
			);
			runOnlyForDeploymentPostprocessing = 0;
		};
/* End PBXFrameworksBuildPhase section */

/* Begin PBXGroup section */
		350A303B279033EC0021C724 = {
			isa = PBXGroup;
			children = (
				350A3046279033ED0021C724 /* RestaurantApp */,
				350A3045279033ED0021C724 /* Products */,
			);
			sourceTree = "<group>";
		};
		350A3045279033ED0021C724 /* Products */ = {
			isa = PBXGroup;
			children = (
				350A3044279033ED0021C724 /* RestaurantApp.app */,
			);
			name = Products;
			sourceTree = "<group>";
		};
		350A3046279033ED0021C724 /* RestaurantApp */ = {
			isa = PBXGroup;
			children = (
				350A3047279033ED0021C724 /* AppDelegate.swift */,
				350A3049279033ED0021C724 /* SceneDelegate.swift */,
				350A30652790783B0021C724 /* Helpers */,
				350A305B279034100021C724 /* MainMenu */,
				350A3050279033F00021C724 /* Assets.xcassets */,
				350A3052279033F00021C724 /* LaunchScreen.storyboard */,
				350A3055279033F00021C724 /* Info.plist */,
			);
			path = RestaurantApp;
			sourceTree = "<group>";
		};
		350A305B279034100021C724 /* MainMenu */ = {
			isa = PBXGroup;
			children = (
				350A305E279034310021C724 /* View */,
				350A305F279034490021C724 /* MainMenuInteractor.swift */,
				350A3061279034640021C724 /* MainMenuPresenter.swift */,
				350A3063279034830021C724 /* MainMenuRouter.swift */,
				350A30732790ADD40021C724 /* Entity.swift */,
			);
			path = MainMenu;
			sourceTree = "<group>";
		};
		350A305E279034310021C724 /* View */ = {
			isa = PBXGroup;
			children = (
				350A305C2790342E0021C724 /* MainMenuViewController.swift */,
				350A3070279085890021C724 /* Cells */,
			);
			path = View;
			sourceTree = "<group>";
		};
		350A30652790783B0021C724 /* Helpers */ = {
			isa = PBXGroup;
			children = (
				350A30662790785B0021C724 /* ModuleBuilder.swift */,
				350A306B27907A520021C724 /* Box.swift */,
				355C60192793098800C873BF /* Extensions */,
				350A30752790B2AE0021C724 /* NetworkService */,
			);
			path = Helpers;
			sourceTree = "<group>";
		};
		350A3070279085890021C724 /* Cells */ = {
			isa = PBXGroup;
			children = (
				357ADAA62790C8A3002AC808 /* BannersCells */,
				357ADAAD2790DA56002AC808 /* CategoriesCell */,
				357ADAA42790C84E002AC808 /* MealCell */,
			);
			path = Cells;
			sourceTree = "<group>";
		};
		350A30752790B2AE0021C724 /* NetworkService */ = {
			isa = PBXGroup;
			children = (
				350A30682790786A0021C724 /* NetworkService.swift */,
				350A30762790B2F40021C724 /* NetworkServiceModel.swift */,
			);
			path = NetworkService;
			sourceTree = "<group>";
		};
		355C60192793098800C873BF /* Extensions */ = {
			isa = PBXGroup;
			children = (
				355C601A279309A800C873BF /* StringExtension.swift */,
				355C601E2793393C00C873BF /* UIColorExtension.swift */,
			);
			path = Extensions;
			sourceTree = "<group>";
		};
		357ADAA42790C84E002AC808 /* MealCell */ = {
			isa = PBXGroup;
			children = (
				350A3071279085E90021C724 /* MealCell.swift */,
				357ADAA72790CA66002AC808 /* MealCell.xib */,
			);
			path = MealCell;
			sourceTree = "<group>";
		};
		357ADAA62790C8A3002AC808 /* BannersCells */ = {
			isa = PBXGroup;
			children = (
				357ADAB02791F6A6002AC808 /* BannerTableViewCell.swift */,
				357ADAB42791FF20002AC808 /* BanerCollectionViewCell */,
			);
			path = BannersCells;
			sourceTree = "<group>";
		};
		357ADAAD2790DA56002AC808 /* CategoriesCell */ = {
			isa = PBXGroup;
			children = (
				355C60152792FAC700C873BF /* CategoriesCollectionViewCell.swift */,
				355C60162792FAC700C873BF /* CategoriesCollectionViewCell.xib */,
			);
			path = CategoriesCell;
			sourceTree = "<group>";
		};
		357ADAB42791FF20002AC808 /* BanerCollectionViewCell */ = {
			isa = PBXGroup;
			children = (
				357ADAB22791FDC1002AC808 /* BannerCollectionCell.xib */,
				357ADAB52791FF4D002AC808 /* BannerCollectionViewCell.swift */,
			);
			path = BanerCollectionViewCell;
			sourceTree = "<group>";
		};
/* End PBXGroup section */

/* Begin PBXNativeTarget section */
		350A3043279033ED0021C724 /* RestaurantApp */ = {
			isa = PBXNativeTarget;
			buildConfigurationList = 350A3058279033F00021C724 /* Build configuration list for PBXNativeTarget "RestaurantApp" */;
			buildPhases = (
				350A3040279033ED0021C724 /* Sources */,
				350A3041279033ED0021C724 /* Frameworks */,
				350A3042279033ED0021C724 /* Resources */,
			);
			buildRules = (
			);
			dependencies = (
			);
			name = RestaurantApp;
			packageProductDependencies = (
				357ADAAB2790D18D002AC808 /* SDWebImage */,
				355C60132792DE7B00C873BF /* SnapKit */,
			);
			productName = RestaurantApp;
			productReference = 350A3044279033ED0021C724 /* RestaurantApp.app */;
			productType = "com.apple.product-type.application";
		};
/* End PBXNativeTarget section */

/* Begin PBXProject section */
		350A303C279033EC0021C724 /* Project object */ = {
			isa = PBXProject;
			attributes = {
				BuildIndependentTargetsInParallel = 1;
				LastSwiftUpdateCheck = 1320;
				LastUpgradeCheck = 1320;
				TargetAttributes = {
					350A3043279033ED0021C724 = {
						CreatedOnToolsVersion = 13.2.1;
					};
				};
			};
			buildConfigurationList = 350A303F279033EC0021C724 /* Build configuration list for PBXProject "RestaurantApp" */;
			compatibilityVersion = "Xcode 13.0";
			developmentRegion = en;
			hasScannedForEncodings = 0;
			knownRegions = (
				en,
				Base,
			);
			mainGroup = 350A303B279033EC0021C724;
			packageReferences = (
				357ADAAA2790D18D002AC808 /* XCRemoteSwiftPackageReference "SDWebImage" */,
				355C60122792DE7B00C873BF /* XCRemoteSwiftPackageReference "SnapKit" */,
			);
			productRefGroup = 350A3045279033ED0021C724 /* Products */;
			projectDirPath = "";
			projectRoot = "";
			targets = (
				350A3043279033ED0021C724 /* RestaurantApp */,
			);
		};
/* End PBXProject section */

/* Begin PBXResourcesBuildPhase section */
		350A3042279033ED0021C724 /* Resources */ = {
			isa = PBXResourcesBuildPhase;
			buildActionMask = 2147483647;
			files = (
				350A3054279033F00021C724 /* LaunchScreen.storyboard in Resources */,
				355C60182792FAC700C873BF /* CategoriesCollectionViewCell.xib in Resources */,
				350A3051279033F00021C724 /* Assets.xcassets in Resources */,
				357ADAA82790CA66002AC808 /* MealCell.xib in Resources */,
				357ADAB32791FDC1002AC808 /* BannerCollectionCell.xib in Resources */,
			);
			runOnlyForDeploymentPostprocessing = 0;
		};
/* End PBXResourcesBuildPhase section */

/* Begin PBXSourcesBuildPhase section */
		350A3040279033ED0021C724 /* Sources */ = {
			isa = PBXSourcesBuildPhase;
			buildActionMask = 2147483647;
			files = (
				355C601F2793393C00C873BF /* UIColorExtension.swift in Sources */,
				350A305D2790342E0021C724 /* MainMenuViewController.swift in Sources */,
				350A30772790B2F40021C724 /* NetworkServiceModel.swift in Sources */,
				355C60172792FAC700C873BF /* CategoriesCollectionViewCell.swift in Sources */,
				350A3072279085E90021C724 /* MealCell.swift in Sources */,
				355C601B279309A800C873BF /* StringExtension.swift in Sources */,
				357ADAB62791FF4D002AC808 /* BannerCollectionViewCell.swift in Sources */,
				350A3062279034640021C724 /* MainMenuPresenter.swift in Sources */,
				350A3064279034830021C724 /* MainMenuRouter.swift in Sources */,
				350A30692790786A0021C724 /* NetworkService.swift in Sources */,
				350A3060279034490021C724 /* MainMenuInteractor.swift in Sources */,
				357ADAB12791F6A7002AC808 /* BannerTableViewCell.swift in Sources */,
				350A30742790ADD40021C724 /* Entity.swift in Sources */,
				350A3048279033ED0021C724 /* AppDelegate.swift in Sources */,
				350A304A279033ED0021C724 /* SceneDelegate.swift in Sources */,
				350A30672790785B0021C724 /* ModuleBuilder.swift in Sources */,
				350A306C27907A520021C724 /* Box.swift in Sources */,
			);
			runOnlyForDeploymentPostprocessing = 0;
		};
/* End PBXSourcesBuildPhase section */

/* Begin PBXVariantGroup section */
		350A3052279033F00021C724 /* LaunchScreen.storyboard */ = {
			isa = PBXVariantGroup;
			children = (
				350A3053279033F00021C724 /* Base */,
			);
			name = LaunchScreen.storyboard;
			sourceTree = "<group>";
		};
/* End PBXVariantGroup section */

/* Begin XCBuildConfiguration section */
		350A3056279033F00021C724 /* Debug */ = {
			isa = XCBuildConfiguration;
			buildSettings = {
				ALWAYS_SEARCH_USER_PATHS = NO;
				CLANG_ANALYZER_NONNULL = YES;
				CLANG_ANALYZER_NUMBER_OBJECT_CONVERSION = YES_AGGRESSIVE;
				CLANG_CXX_LANGUAGE_STANDARD = "gnu++17";
				CLANG_CXX_LIBRARY = "libc++";
				CLANG_ENABLE_MODULES = YES;
				CLANG_ENABLE_OBJC_ARC = YES;
				CLANG_ENABLE_OBJC_WEAK = YES;
				CLANG_WARN_BLOCK_CAPTURE_AUTORELEASING = YES;
				CLANG_WARN_BOOL_CONVERSION = YES;
				CLANG_WARN_COMMA = YES;
				CLANG_WARN_CONSTANT_CONVERSION = YES;
				CLANG_WARN_DEPRECATED_OBJC_IMPLEMENTATIONS = YES;
				CLANG_WARN_DIRECT_OBJC_ISA_USAGE = YES_ERROR;
				CLANG_WARN_DOCUMENTATION_COMMENTS = YES;
				CLANG_WARN_EMPTY_BODY = YES;
				CLANG_WARN_ENUM_CONVERSION = YES;
				CLANG_WARN_INFINITE_RECURSION = YES;
				CLANG_WARN_INT_CONVERSION = YES;
				CLANG_WARN_NON_LITERAL_NULL_CONVERSION = YES;
				CLANG_WARN_OBJC_IMPLICIT_RETAIN_SELF = YES;
				CLANG_WARN_OBJC_LITERAL_CONVERSION = YES;
				CLANG_WARN_OBJC_ROOT_CLASS = YES_ERROR;
				CLANG_WARN_QUOTED_INCLUDE_IN_FRAMEWORK_HEADER = YES;
				CLANG_WARN_RANGE_LOOP_ANALYSIS = YES;
				CLANG_WARN_STRICT_PROTOTYPES = YES;
				CLANG_WARN_SUSPICIOUS_MOVE = YES;
				CLANG_WARN_UNGUARDED_AVAILABILITY = YES_AGGRESSIVE;
				CLANG_WARN_UNREACHABLE_CODE = YES;
				CLANG_WARN__DUPLICATE_METHOD_MATCH = YES;
				COPY_PHASE_STRIP = NO;
				DEBUG_INFORMATION_FORMAT = dwarf;
				ENABLE_STRICT_OBJC_MSGSEND = YES;
				ENABLE_TESTABILITY = YES;
				GCC_C_LANGUAGE_STANDARD = gnu11;
				GCC_DYNAMIC_NO_PIC = NO;
				GCC_NO_COMMON_BLOCKS = YES;
				GCC_OPTIMIZATION_LEVEL = 0;
				GCC_PREPROCESSOR_DEFINITIONS = (
					"DEBUG=1",
					"$(inherited)",
				);
				GCC_WARN_64_TO_32_BIT_CONVERSION = YES;
				GCC_WARN_ABOUT_RETURN_TYPE = YES_ERROR;
				GCC_WARN_UNDECLARED_SELECTOR = YES;
				GCC_WARN_UNINITIALIZED_AUTOS = YES_AGGRESSIVE;
				GCC_WARN_UNUSED_FUNCTION = YES;
				GCC_WARN_UNUSED_VARIABLE = YES;
				IPHONEOS_DEPLOYMENT_TARGET = 15.2;
				MTL_ENABLE_DEBUG_INFO = INCLUDE_SOURCE;
				MTL_FAST_MATH = YES;
				ONLY_ACTIVE_ARCH = YES;
				SDKROOT = iphoneos;
				SWIFT_ACTIVE_COMPILATION_CONDITIONS = DEBUG;
				SWIFT_OPTIMIZATION_LEVEL = "-Onone";
			};
			name = Debug;
		};
		350A3057279033F00021C724 /* Release */ = {
			isa = XCBuildConfiguration;
			buildSettings = {
				ALWAYS_SEARCH_USER_PATHS = NO;
				CLANG_ANALYZER_NONNULL = YES;
				CLANG_ANALYZER_NUMBER_OBJECT_CONVERSION = YES_AGGRESSIVE;
				CLANG_CXX_LANGUAGE_STANDARD = "gnu++17";
				CLANG_CXX_LIBRARY = "libc++";
				CLANG_ENABLE_MODULES = YES;
				CLANG_ENABLE_OBJC_ARC = YES;
				CLANG_ENABLE_OBJC_WEAK = YES;
				CLANG_WARN_BLOCK_CAPTURE_AUTORELEASING = YES;
				CLANG_WARN_BOOL_CONVERSION = YES;
				CLANG_WARN_COMMA = YES;
				CLANG_WARN_CONSTANT_CONVERSION = YES;
				CLANG_WARN_DEPRECATED_OBJC_IMPLEMENTATIONS = YES;
				CLANG_WARN_DIRECT_OBJC_ISA_USAGE = YES_ERROR;
				CLANG_WARN_DOCUMENTATION_COMMENTS = YES;
				CLANG_WARN_EMPTY_BODY = YES;
				CLANG_WARN_ENUM_CONVERSION = YES;
				CLANG_WARN_INFINITE_RECURSION = YES;
				CLANG_WARN_INT_CONVERSION = YES;
				CLANG_WARN_NON_LITERAL_NULL_CONVERSION = YES;
				CLANG_WARN_OBJC_IMPLICIT_RETAIN_SELF = YES;
				CLANG_WARN_OBJC_LITERAL_CONVERSION = YES;
				CLANG_WARN_OBJC_ROOT_CLASS = YES_ERROR;
				CLANG_WARN_QUOTED_INCLUDE_IN_FRAMEWORK_HEADER = YES;
				CLANG_WARN_RANGE_LOOP_ANALYSIS = YES;
				CLANG_WARN_STRICT_PROTOTYPES = YES;
				CLANG_WARN_SUSPICIOUS_MOVE = YES;
				CLANG_WARN_UNGUARDED_AVAILABILITY = YES_AGGRESSIVE;
				CLANG_WARN_UNREACHABLE_CODE = YES;
				CLANG_WARN__DUPLICATE_METHOD_MATCH = YES;
				COPY_PHASE_STRIP = NO;
				DEBUG_INFORMATION_FORMAT = "dwarf-with-dsym";
				ENABLE_NS_ASSERTIONS = NO;
				ENABLE_STRICT_OBJC_MSGSEND = YES;
				GCC_C_LANGUAGE_STANDARD = gnu11;
				GCC_NO_COMMON_BLOCKS = YES;
				GCC_WARN_64_TO_32_BIT_CONVERSION = YES;
				GCC_WARN_ABOUT_RETURN_TYPE = YES_ERROR;
				GCC_WARN_UNDECLARED_SELECTOR = YES;
				GCC_WARN_UNINITIALIZED_AUTOS = YES_AGGRESSIVE;
				GCC_WARN_UNUSED_FUNCTION = YES;
				GCC_WARN_UNUSED_VARIABLE = YES;
				IPHONEOS_DEPLOYMENT_TARGET = 15.2;
				MTL_ENABLE_DEBUG_INFO = NO;
				MTL_FAST_MATH = YES;
				SDKROOT = iphoneos;
				SWIFT_COMPILATION_MODE = wholemodule;
				SWIFT_OPTIMIZATION_LEVEL = "-O";
				VALIDATE_PRODUCT = YES;
			};
			name = Release;
		};
		350A3059279033F00021C724 /* Debug */ = {
			isa = XCBuildConfiguration;
			buildSettings = {
				ASSETCATALOG_COMPILER_APPICON_NAME = AppIcon;
				ASSETCATALOG_COMPILER_GLOBAL_ACCENT_COLOR_NAME = AccentColor;
				CODE_SIGN_STYLE = Automatic;
				CURRENT_PROJECT_VERSION = 1;
				DEVELOPMENT_TEAM = Y7D9L7KUJ9;
				GENERATE_INFOPLIST_FILE = YES;
				INFOPLIST_FILE = RestaurantApp/Info.plist;
				INFOPLIST_KEY_UIApplicationSupportsIndirectInputEvents = YES;
				INFOPLIST_KEY_UILaunchStoryboardName = LaunchScreen;
				INFOPLIST_KEY_UISupportedInterfaceOrientations_iPad = "UIInterfaceOrientationPortrait UIInterfaceOrientationPortraitUpsideDown UIInterfaceOrientationLandscapeLeft UIInterfaceOrientationLandscapeRight";
				INFOPLIST_KEY_UISupportedInterfaceOrientations_iPhone = "UIInterfaceOrientationPortrait UIInterfaceOrientationLandscapeLeft UIInterfaceOrientationLandscapeRight";
				LD_RUNPATH_SEARCH_PATHS = (
					"$(inherited)",
					"@executable_path/Frameworks",
				);
				MARKETING_VERSION = 1.0;
				PRODUCT_BUNDLE_IDENTIFIER = ru.holejoykin.RestaurantApp;
				PRODUCT_NAME = "$(TARGET_NAME)";
				SWIFT_EMIT_LOC_STRINGS = YES;
				SWIFT_VERSION = 5.0;
				TARGETED_DEVICE_FAMILY = "1,2";
			};
			name = Debug;
		};
		350A305A279033F00021C724 /* Release */ = {
			isa = XCBuildConfiguration;
			buildSettings = {
				ASSETCATALOG_COMPILER_APPICON_NAME = AppIcon;
				ASSETCATALOG_COMPILER_GLOBAL_ACCENT_COLOR_NAME = AccentColor;
				CODE_SIGN_STYLE = Automatic;
				CURRENT_PROJECT_VERSION = 1;
				DEVELOPMENT_TEAM = Y7D9L7KUJ9;
				GENERATE_INFOPLIST_FILE = YES;
				INFOPLIST_FILE = RestaurantApp/Info.plist;
				INFOPLIST_KEY_UIApplicationSupportsIndirectInputEvents = YES;
				INFOPLIST_KEY_UILaunchStoryboardName = LaunchScreen;
				INFOPLIST_KEY_UISupportedInterfaceOrientations_iPad = "UIInterfaceOrientationPortrait UIInterfaceOrientationPortraitUpsideDown UIInterfaceOrientationLandscapeLeft UIInterfaceOrientationLandscapeRight";
				INFOPLIST_KEY_UISupportedInterfaceOrientations_iPhone = "UIInterfaceOrientationPortrait UIInterfaceOrientationLandscapeLeft UIInterfaceOrientationLandscapeRight";
				LD_RUNPATH_SEARCH_PATHS = (
					"$(inherited)",
					"@executable_path/Frameworks",
				);
				MARKETING_VERSION = 1.0;
				PRODUCT_BUNDLE_IDENTIFIER = ru.holejoykin.RestaurantApp;
				PRODUCT_NAME = "$(TARGET_NAME)";
				SWIFT_EMIT_LOC_STRINGS = YES;
				SWIFT_VERSION = 5.0;
				TARGETED_DEVICE_FAMILY = "1,2";
			};
			name = Release;
		};
/* End XCBuildConfiguration section */

/* Begin XCConfigurationList section */
		350A303F279033EC0021C724 /* Build configuration list for PBXProject "RestaurantApp" */ = {
			isa = XCConfigurationList;
			buildConfigurations = (
				350A3056279033F00021C724 /* Debug */,
				350A3057279033F00021C724 /* Release */,
			);
			defaultConfigurationIsVisible = 0;
			defaultConfigurationName = Release;
		};
		350A3058279033F00021C724 /* Build configuration list for PBXNativeTarget "RestaurantApp" */ = {
			isa = XCConfigurationList;
			buildConfigurations = (
				350A3059279033F00021C724 /* Debug */,
				350A305A279033F00021C724 /* Release */,
			);
			defaultConfigurationIsVisible = 0;
			defaultConfigurationName = Release;
		};
/* End XCConfigurationList section */

/* Begin XCRemoteSwiftPackageReference section */
		355C60122792DE7B00C873BF /* XCRemoteSwiftPackageReference "SnapKit" */ = {
			isa = XCRemoteSwiftPackageReference;
			repositoryURL = "https://github.com/SnapKit/SnapKit";
			requirement = {
				kind = upToNextMajorVersion;
				minimumVersion = 5.0.0;
			};
		};
		357ADAAA2790D18D002AC808 /* XCRemoteSwiftPackageReference "SDWebImage" */ = {
			isa = XCRemoteSwiftPackageReference;
			repositoryURL = "https://github.com/SDWebImage/SDWebImage";
			requirement = {
				kind = upToNextMajorVersion;
				minimumVersion = 5.0.0;
			};
		};
/* End XCRemoteSwiftPackageReference section */

/* Begin XCSwiftPackageProductDependency section */
		355C60132792DE7B00C873BF /* SnapKit */ = {
			isa = XCSwiftPackageProductDependency;
			package = 355C60122792DE7B00C873BF /* XCRemoteSwiftPackageReference "SnapKit" */;
			productName = SnapKit;
		};
		357ADAAB2790D18D002AC808 /* SDWebImage */ = {
			isa = XCSwiftPackageProductDependency;
			package = 357ADAAA2790D18D002AC808 /* XCRemoteSwiftPackageReference "SDWebImage" */;
			productName = SDWebImage;
		};
/* End XCSwiftPackageProductDependency section */
	};
	rootObject = 350A303C279033EC0021C724 /* Project object */;
}
